
Microsoft Visual Studio Solution File, Format Version 12.00
# Visual Studio Version 16
VisualStudioVersion = 16.0.30804.86
MinimumVisualStudioVersion = 10.0.40219.1
Project("{FAE04EC0-301F-11D3-BF4B-00C04F79EFBC}") = "ParadoxSpectra1738SerialOutput", "ParadoxSpectra1738SerialOutput\ParadoxSpectra1738SerialOutput.csproj", "{53320BD1-9C31-4CE2-9D73-3DA75CCEA26D}"
EndProject
Global
	GlobalSection(SolutionConfigurationPlatforms) = preSolution
		Debug|Any CPU = Debug|Any CPU
		Release|Any CPU = Release|Any CPU
	EndGlobalSection
	GlobalSection(ProjectConfigurationPlatforms) = postSolution
		{53320BD1-9C31-4CE2-9D73-3DA75CCEA26D}.Debug|Any CPU.ActiveCfg = Debug|Any CPU
		{53320BD1-9C31-4CE2-9D73-3DA75CCEA26D}.Debug|Any CPU.Build.0 = Debug|Any CPU
		{53320BD1-9C31-4CE2-9D73-3DA75CCEA26D}.Release|Any CPU.ActiveCfg = Release|Any CPU
		{53320BD1-9C31-4CE2-9D73-3DA75CCEA26D}.Release|Any CPU.Build.0 = Release|Any CPU
	EndGlobalSection
	GlobalSection(SolutionProperties) = preSolution
		HideSolutionNode = FALSE
	EndGlobalSection
	GlobalSection(ExtensibilityGlobals) = postSolution
		SolutionGuid = {430F6F4C-4391-4E12-AF1E-DD97952060FD}
	EndGlobalSection
EndGlobal
